
Microsoft Visual Studio Solution File, Format Version 12.00
# Visual Studio Version 17
VisualStudioVersion = 17.2.32630.192
MinimumVisualStudioVersion = 10.0.40219.1
Project("{FAE04EC0-301F-11D3-BF4B-00C04F79EFBC}") = "School_System", "School_System\School_System.csproj", "{F1D5F68C-0CE8-4485-928E-272510251FB9}"
EndProject
Project("{FAE04EC0-301F-11D3-BF4B-00C04F79EFBC}") = "Application_layer", "Application_layer\Application_layer.csproj", "{DE9EF745-C36E-40CD-88B5-51FD5D4A2820}"
EndProject
Global
	GlobalSection(SolutionConfigurationPlatforms) = preSolution
		Debug|Any CPU = Debug|Any CPU
		Release|Any CPU = Release|Any CPU
	EndGlobalSection
	GlobalSection(ProjectConfigurationPlatforms) = postSolution
		{F1D5F68C-0CE8-4485-928E-272510251FB9}.Debug|Any CPU.ActiveCfg = Debug|Any CPU
		{F1D5F68C-0CE8-4485-928E-272510251FB9}.Debug|Any CPU.Build.0 = Debug|Any CPU
		{F1D5F68C-0CE8-4485-928E-272510251FB9}.Release|Any CPU.ActiveCfg = Release|Any CPU
		{F1D5F68C-0CE8-4485-928E-272510251FB9}.Release|Any CPU.Build.0 = Release|Any CPU
		{DE9EF745-C36E-40CD-88B5-51FD5D4A2820}.Debug|Any CPU.ActiveCfg = Debug|Any CPU
		{DE9EF745-C36E-40CD-88B5-51FD5D4A2820}.Debug|Any CPU.Build.0 = Debug|Any CPU
		{DE9EF745-C36E-40CD-88B5-51FD5D4A2820}.Release|Any CPU.ActiveCfg = Release|Any CPU
		{DE9EF745-C36E-40CD-88B5-51FD5D4A2820}.Release|Any CPU.Build.0 = Release|Any CPU
	EndGlobalSection
	GlobalSection(SolutionProperties) = preSolution
		HideSolutionNode = FALSE
	EndGlobalSection
	GlobalSection(ExtensibilityGlobals) = postSolution
		SolutionGuid = {AD9ABD69-945E-4066-924B-272688534B56}
	EndGlobalSection
EndGlobal
